
Microsoft Visual Studio Solution File, Format Version 12.00
# Visual Studio Version 17
VisualStudioVersion = 17.14.36908.2 d17.14
MinimumVisualStudioVersion = 10.0.40219.1
Project("{FAE04EC0-301F-11D3-BF4B-00C04F79EFBC}") = "UniversityMenuApp", "UniversityMenuApp.csproj", "{ECA779F5-5B74-8D9C-53EF-721897AC8BFD}"
EndProject
Global
	GlobalSection(SolutionConfigurationPlatforms) = preSolution
		Debug|Any CPU = Debug|Any CPU
		Release|Any CPU = Release|Any CPU
	EndGlobalSection
	GlobalSection(ProjectConfigurationPlatforms) = postSolution
		{ECA779F5-5B74-8D9C-53EF-721897AC8BFD}.Debug|Any CPU.ActiveCfg = Debug|Any CPU
		{ECA779F5-5B74-8D9C-53EF-721897AC8BFD}.Debug|Any CPU.Build.0 = Debug|Any CPU
		{ECA779F5-5B74-8D9C-53EF-721897AC8BFD}.Release|Any CPU.ActiveCfg = Release|Any CPU
		{ECA779F5-5B74-8D9C-53EF-721897AC8BFD}.Release|Any CPU.Build.0 = Release|Any CPU
	EndGlobalSection
	GlobalSection(SolutionProperties) = preSolution
		HideSolutionNode = FALSE
	EndGlobalSection
	GlobalSection(ExtensibilityGlobals) = postSolution
		SolutionGuid = {1C371F3D-DF5F-480F-AC9E-88BDFA638AE8}
	EndGlobalSection
EndGlobal
